
Microsoft Visual Studio Solution File, Format Version 12.00
# Visual Studio Version 16
VisualStudioVersion = 16.0.29215.179
MinimumVisualStudioVersion = 10.0.40219.1
Project("{FAE04EC0-301F-11D3-BF4B-00C04F79EFBC}") = "Ex1", "Ex1\Ex1.csproj", "{7DFA57B1-E802-44DE-A866-65E83E2D5CA1}"
EndProject
Project("{FAE04EC0-301F-11D3-BF4B-00C04F79EFBC}") = "Ex3", "Ex3\Ex3.csproj", "{80408A6A-8936-4E1A-99FD-AC80CC6C3179}"
EndProject
Project("{FAE04EC0-301F-11D3-BF4B-00C04F79EFBC}") = "Ex5", "Ex5\Ex5.csproj", "{27AB525E-DCEE-4723-9709-DE5E79466F6C}"
EndProject
Project("{FAE04EC0-301F-11D3-BF4B-00C04F79EFBC}") = "Ex6", "Ex6\Ex6.csproj", "{3B4509C5-F1BD-444C-B5D9-E168D9ADE339}"
EndProject
Project("{FAE04EC0-301F-11D3-BF4B-00C04F79EFBC}") = "Ex7", "Ex7\Ex7.csproj", "{1F94CB9B-4770-42F4-AD30-CB34B8334CAC}"
EndProject
Project("{FAE04EC0-301F-11D3-BF4B-00C04F79EFBC}") = "Ex8", "Exo8\Ex8.csproj", "{E730AAC0-8A73-4660-B6ED-0414CBD0E751}"
EndProject
Project("{FAE04EC0-301F-11D3-BF4B-00C04F79EFBC}") = "Ex9", "Ex9\Ex9.csproj", "{5B1149F1-4D7F-4744-87F2-D1A17C957F5D}"
EndProject
Project("{FAE04EC0-301F-11D3-BF4B-00C04F79EFBC}") = "Ex10", "Ex10\Ex10.csproj", "{01D4132F-1253-4622-B2C7-D54CE8E563C8}"
EndProject
Project("{FAE04EC0-301F-11D3-BF4B-00C04F79EFBC}") = "Ex18", "Ex18\Ex18.csproj", "{3E968151-BB06-4F67-9A53-1E67C42CDE34}"
EndProject
Project("{FAE04EC0-301F-11D3-BF4B-00C04F79EFBC}") = "Ex30", "Ex30\Ex30.csproj", "{267DFE3F-30EE-4A4E-9A80-853139235B79}"
EndProject
Project("{FAE04EC0-301F-11D3-BF4B-00C04F79EFBC}") = "Ex31", "Ex31\Ex31.csproj", "{CB22118C-CD16-4B36-960F-DDBE8AE884FB}"
EndProject
Project("{FAE04EC0-301F-11D3-BF4B-00C04F79EFBC}") = "Ex0", "Ex0\Ex0.csproj", "{01895B0D-42ED-42A2-A509-653E91FD32E8}"
EndProject
Project("{FAE04EC0-301F-11D3-BF4B-00C04F79EFBC}") = "Ex32", "Ex32\Ex32.csproj", "{A8DC9D47-7399-433C-8206-67FBD610138D}"
EndProject
Global
	GlobalSection(SolutionConfigurationPlatforms) = preSolution
		Debug|Any CPU = Debug|Any CPU
		Release|Any CPU = Release|Any CPU
	EndGlobalSection
	GlobalSection(ProjectConfigurationPlatforms) = postSolution
		{7DFA57B1-E802-44DE-A866-65E83E2D5CA1}.Debug|Any CPU.ActiveCfg = Debug|Any CPU
		{7DFA57B1-E802-44DE-A866-65E83E2D5CA1}.Debug|Any CPU.Build.0 = Debug|Any CPU
		{7DFA57B1-E802-44DE-A866-65E83E2D5CA1}.Release|Any CPU.ActiveCfg = Release|Any CPU
		{7DFA57B1-E802-44DE-A866-65E83E2D5CA1}.Release|Any CPU.Build.0 = Release|Any CPU
		{80408A6A-8936-4E1A-99FD-AC80CC6C3179}.Debug|Any CPU.ActiveCfg = Debug|Any CPU
		{80408A6A-8936-4E1A-99FD-AC80CC6C3179}.Debug|Any CPU.Build.0 = Debug|Any CPU
		{80408A6A-8936-4E1A-99FD-AC80CC6C3179}.Release|Any CPU.ActiveCfg = Release|Any CPU
		{80408A6A-8936-4E1A-99FD-AC80CC6C3179}.Release|Any CPU.Build.0 = Release|Any CPU
		{27AB525E-DCEE-4723-9709-DE5E79466F6C}.Debug|Any CPU.ActiveCfg = Debug|Any CPU
		{27AB525E-DCEE-4723-9709-DE5E79466F6C}.Debug|Any CPU.Build.0 = Debug|Any CPU
		{27AB525E-DCEE-4723-9709-DE5E79466F6C}.Release|Any CPU.ActiveCfg = Release|Any CPU
		{27AB525E-DCEE-4723-9709-DE5E79466F6C}.Release|Any CPU.Build.0 = Release|Any CPU
		{3B4509C5-F1BD-444C-B5D9-E168D9ADE339}.Debug|Any CPU.ActiveCfg = Debug|Any CPU
		{3B4509C5-F1BD-444C-B5D9-E168D9ADE339}.Debug|Any CPU.Build.0 = Debug|Any CPU
		{3B4509C5-F1BD-444C-B5D9-E168D9ADE339}.Release|Any CPU.ActiveCfg = Release|Any CPU
		{3B4509C5-F1BD-444C-B5D9-E168D9ADE339}.Release|Any CPU.Build.0 = Release|Any CPU
		{1F94CB9B-4770-42F4-AD30-CB34B8334CAC}.Debug|Any CPU.ActiveCfg = Debug|Any CPU
		{1F94CB9B-4770-42F4-AD30-CB34B8334CAC}.Debug|Any CPU.Build.0 = Debug|Any CPU
		{1F94CB9B-4770-42F4-AD30-CB34B8334CAC}.Release|Any CPU.ActiveCfg = Release|Any CPU
		{1F94CB9B-4770-42F4-AD30-CB34B8334CAC}.Release|Any CPU.Build.0 = Release|Any CPU
		{E730AAC0-8A73-4660-B6ED-0414CBD0E751}.Debug|Any CPU.ActiveCfg = Debug|Any CPU
		{E730AAC0-8A73-4660-B6ED-0414CBD0E751}.Debug|Any CPU.Build.0 = Debug|Any CPU
		{E730AAC0-8A73-4660-B6ED-0414CBD0E751}.Release|Any CPU.ActiveCfg = Release|Any CPU
		{E730AAC0-8A73-4660-B6ED-0414CBD0E751}.Release|Any CPU.Build.0 = Release|Any CPU
		{5B1149F1-4D7F-4744-87F2-D1A17C957F5D}.Debug|Any CPU.ActiveCfg = Debug|Any CPU
		{5B1149F1-4D7F-4744-87F2-D1A17C957F5D}.Debug|Any CPU.Build.0 = Debug|Any CPU
		{5B1149F1-4D7F-4744-87F2-D1A17C957F5D}.Release|Any CPU.ActiveCfg = Release|Any CPU
		{5B1149F1-4D7F-4744-87F2-D1A17C957F5D}.Release|Any CPU.Build.0 = Release|Any CPU
		{01D4132F-1253-4622-B2C7-D54CE8E563C8}.Debug|Any CPU.ActiveCfg = Debug|Any CPU
		{01D4132F-1253-4622-B2C7-D54CE8E563C8}.Debug|Any CPU.Build.0 = Debug|Any CPU
		{01D4132F-1253-4622-B2C7-D54CE8E563C8}.Release|Any CPU.ActiveCfg = Release|Any CPU
		{01D4132F-1253-4622-B2C7-D54CE8E563C8}.Release|Any CPU.Build.0 = Release|Any CPU
		{3E968151-BB06-4F67-9A53-1E67C42CDE34}.Debug|Any CPU.ActiveCfg = Debug|Any CPU
		{3E968151-BB06-4F67-9A53-1E67C42CDE34}.Debug|Any CPU.Build.0 = Debug|Any CPU
		{3E968151-BB06-4F67-9A53-1E67C42CDE34}.Release|Any CPU.ActiveCfg = Release|Any CPU
		{3E968151-BB06-4F67-9A53-1E67C42CDE34}.Release|Any CPU.Build.0 = Release|Any CPU
		{267DFE3F-30EE-4A4E-9A80-853139235B79}.Debug|Any CPU.ActiveCfg = Debug|Any CPU
		{267DFE3F-30EE-4A4E-9A80-853139235B79}.Debug|Any CPU.Build.0 = Debug|Any CPU
		{267DFE3F-30EE-4A4E-9A80-853139235B79}.Release|Any CPU.ActiveCfg = Release|Any CPU
		{267DFE3F-30EE-4A4E-9A80-853139235B79}.Release|Any CPU.Build.0 = Release|Any CPU
		{CB22118C-CD16-4B36-960F-DDBE8AE884FB}.Debug|Any CPU.ActiveCfg = Debug|Any CPU
		{CB22118C-CD16-4B36-960F-DDBE8AE884FB}.Debug|Any CPU.Build.0 = Debug|Any CPU
		{CB22118C-CD16-4B36-960F-DDBE8AE884FB}.Release|Any CPU.ActiveCfg = Release|Any CPU
		{CB22118C-CD16-4B36-960F-DDBE8AE884FB}.Release|Any CPU.Build.0 = Release|Any CPU
		{01895B0D-42ED-42A2-A509-653E91FD32E8}.Debug|Any CPU.ActiveCfg = Debug|Any CPU
		{01895B0D-42ED-42A2-A509-653E91FD32E8}.Debug|Any CPU.Build.0 = Debug|Any CPU
		{01895B0D-42ED-42A2-A509-653E91FD32E8}.Release|Any CPU.ActiveCfg = Release|Any CPU
		{01895B0D-42ED-42A2-A509-653E91FD32E8}.Release|Any CPU.Build.0 = Release|Any CPU
		{A8DC9D47-7399-433C-8206-67FBD610138D}.Debug|Any CPU.ActiveCfg = Debug|Any CPU
		{A8DC9D47-7399-433C-8206-67FBD610138D}.Debug|Any CPU.Build.0 = Debug|Any CPU
		{A8DC9D47-7399-433C-8206-67FBD610138D}.Release|Any CPU.ActiveCfg = Release|Any CPU
		{A8DC9D47-7399-433C-8206-67FBD610138D}.Release|Any CPU.Build.0 = Release|Any CPU
	EndGlobalSection
	GlobalSection(SolutionProperties) = preSolution
		HideSolutionNode = FALSE
	EndGlobalSection
	GlobalSection(ExtensibilityGlobals) = postSolution
		SolutionGuid = {BBDF2C02-CF5D-440C-A0EC-246FB78D618F}
	EndGlobalSection
EndGlobal
